
Microsoft Visual Studio Solution File, Format Version 12.00
# Visual Studio Version 16
VisualStudioVersion = 16.0.31624.102
MinimumVisualStudioVersion = 10.0.40219.1
Project("{FAE04EC0-301F-11D3-BF4B-00C04F79EFBC}") = "ConsumoServicioAPi", "ConsumoServicioAPi\ConsumoServicioAPi.csproj", "{7CC41F7A-488E-491E-8FE1-AE7A691BCDBA}"
EndProject
Global
	GlobalSection(SolutionConfigurationPlatforms) = preSolution
		Debug|Any CPU = Debug|Any CPU
		Release|Any CPU = Release|Any CPU
	EndGlobalSection
	GlobalSection(ProjectConfigurationPlatforms) = postSolution
		{7CC41F7A-488E-491E-8FE1-AE7A691BCDBA}.Debug|Any CPU.ActiveCfg = Debug|Any CPU
		{7CC41F7A-488E-491E-8FE1-AE7A691BCDBA}.Debug|Any CPU.Build.0 = Debug|Any CPU
		{7CC41F7A-488E-491E-8FE1-AE7A691BCDBA}.Release|Any CPU.ActiveCfg = Release|Any CPU
		{7CC41F7A-488E-491E-8FE1-AE7A691BCDBA}.Release|Any CPU.Build.0 = Release|Any CPU
	EndGlobalSection
	GlobalSection(SolutionProperties) = preSolution
		HideSolutionNode = FALSE
	EndGlobalSection
	GlobalSection(ExtensibilityGlobals) = postSolution
		SolutionGuid = {B5EC5BCC-0C5E-4BA3-A546-56C4696E61FF}
	EndGlobalSection
EndGlobal
